// !$*UTF8*$!
{
	archiveVersion = 1;
	classes = {
	};
	objectVersion = 46;
	objects = {

/* Begin PBXBuildFile section */
		5380CF1700D73E2FE0A6F6C7 /* Pods.framework in Frameworks */ = {isa = PBXBuildFile; fileRef = D1C3EA2EB58704AC490DAB84 /* Pods.framework */; };
		D0B9813C1CBE31EE00A94A94 /* XBBaseTabVC.swift in Sources */ = {isa = PBXBuildFile; fileRef = D0B9813B1CBE31EE00A94A94 /* XBBaseTabVC.swift */; };
		D0CD7DEF1CE184C6004E2CD7 /* XBBaseVC.swift in Sources */ = {isa = PBXBuildFile; fileRef = D0CD7DEE1CE184C6004E2CD7 /* XBBaseVC.swift */; };
		D0CD7DF11CE18559004E2CD7 /* XBBaseNavVC.swift in Sources */ = {isa = PBXBuildFile; fileRef = D0CD7DF01CE18559004E2CD7 /* XBBaseNavVC.swift */; };
		D0F70B811CBDF19200062805 /* AppDelegate.swift in Sources */ = {isa = PBXBuildFile; fileRef = D0F70B801CBDF19200062805 /* AppDelegate.swift */; };
		D0F70B831CBDF19200062805 /* ViewController.swift in Sources */ = {isa = PBXBuildFile; fileRef = D0F70B821CBDF19200062805 /* ViewController.swift */; };
		D0F70B861CBDF19200062805 /* Main.storyboard in Resources */ = {isa = PBXBuildFile; fileRef = D0F70B841CBDF19200062805 /* Main.storyboard */; };
		D0F70B881CBDF19200062805 /* Assets.xcassets in Resources */ = {isa = PBXBuildFile; fileRef = D0F70B871CBDF19200062805 /* Assets.xcassets */; };
		D0F70B8B1CBDF19200062805 /* LaunchScreen.storyboard in Resources */ = {isa = PBXBuildFile; fileRef = D0F70B891CBDF19200062805 /* LaunchScreen.storyboard */; };
		D0F70B981CBDFA5B00062805 /* XBHttpClient.swift in Sources */ = {isa = PBXBuildFile; fileRef = D0F70B971CBDFA5B00062805 /* XBHttpClient.swift */; };
/* End PBXBuildFile section */

/* Begin PBXFileReference section */
		8E1171455A101F6F6E8988F7 /* Pods.release.xcconfig */ = {isa = PBXFileReference; includeInIndex = 1; lastKnownFileType = text.xcconfig; name = Pods.release.xcconfig; path = "Pods/Target Support Files/Pods/Pods.release.xcconfig"; sourceTree = "<group>"; };
		99D7A9EC528BBBABC57F9068 /* Pods.debug.xcconfig */ = {isa = PBXFileReference; includeInIndex = 1; lastKnownFileType = text.xcconfig; name = Pods.debug.xcconfig; path = "Pods/Target Support Files/Pods/Pods.debug.xcconfig"; sourceTree = "<group>"; };
		D0B9813B1CBE31EE00A94A94 /* XBBaseTabVC.swift */ = {isa = PBXFileReference; fileEncoding = 4; lastKnownFileType = sourcecode.swift; path = XBBaseTabVC.swift; sourceTree = "<group>"; };
		D0CD7DEE1CE184C6004E2CD7 /* XBBaseVC.swift */ = {isa = PBXFileReference; fileEncoding = 4; lastKnownFileType = sourcecode.swift; path = XBBaseVC.swift; sourceTree = "<group>"; };
		D0CD7DF01CE18559004E2CD7 /* XBBaseNavVC.swift */ = {isa = PBXFileReference; fileEncoding = 4; lastKnownFileType = sourcecode.swift; path = XBBaseNavVC.swift; sourceTree = "<group>"; };
		D0F70B7D1CBDF19200062805 /* SwiftTest.app */ = {isa = PBXFileReference; explicitFileType = wrapper.application; includeInIndex = 0; path = SwiftTest.app; sourceTree = BUILT_PRODUCTS_DIR; };
		D0F70B801CBDF19200062805 /* AppDelegate.swift */ = {isa = PBXFileReference; lastKnownFileType = sourcecode.swift; path = AppDelegate.swift; sourceTree = "<group>"; };
		D0F70B821CBDF19200062805 /* ViewController.swift */ = {isa = PBXFileReference; lastKnownFileType = sourcecode.swift; path = ViewController.swift; sourceTree = "<group>"; };
		D0F70B851CBDF19200062805 /* Base */ = {isa = PBXFileReference; lastKnownFileType = file.storyboard; name = Base; path = Base.lproj/Main.storyboard; sourceTree = "<group>"; };
		D0F70B871CBDF19200062805 /* Assets.xcassets */ = {isa = PBXFileReference; lastKnownFileType = folder.assetcatalog; path = Assets.xcassets; sourceTree = "<group>"; };
		D0F70B8A1CBDF19200062805 /* Base */ = {isa = PBXFileReference; lastKnownFileType = file.storyboard; name = Base; path = Base.lproj/LaunchScreen.storyboard; sourceTree = "<group>"; };
		D0F70B8C1CBDF19200062805 /* Info.plist */ = {isa = PBXFileReference; lastKnownFileType = text.plist.xml; path = Info.plist; sourceTree = "<group>"; };
		D0F70B971CBDFA5B00062805 /* XBHttpClient.swift */ = {isa = PBXFileReference; fileEncoding = 4; lastKnownFileType = sourcecode.swift; path = XBHttpClient.swift; sourceTree = "<group>"; };
		D1C3EA2EB58704AC490DAB84 /* Pods.framework */ = {isa = PBXFileReference; explicitFileType = wrapper.framework; includeInIndex = 0; path = Pods.framework; sourceTree = BUILT_PRODUCTS_DIR; };
/* End PBXFileReference section */

/* Begin PBXFrameworksBuildPhase section */
		D0F70B7A1CBDF19200062805 /* Frameworks */ = {
			isa = PBXFrameworksBuildPhase;
			buildActionMask = 2147483647;
			files = (
				5380CF1700D73E2FE0A6F6C7 /* Pods.framework in Frameworks */,
			);
			runOnlyForDeploymentPostprocessing = 0;
		};
/* End PBXFrameworksBuildPhase section */

/* Begin PBXGroup section */
		5C23B7A11F7944774808348D /* Pods */ = {
			isa = PBXGroup;
			children = (
				99D7A9EC528BBBABC57F9068 /* Pods.debug.xcconfig */,
				8E1171455A101F6F6E8988F7 /* Pods.release.xcconfig */,
			);
			name = Pods;
			sourceTree = "<group>";
		};
		60ADDA777D81F7396F545F44 /* Frameworks */ = {
			isa = PBXGroup;
			children = (
				D1C3EA2EB58704AC490DAB84 /* Pods.framework */,
			);
			name = Frameworks;
			sourceTree = "<group>";
		};
		D0F70B741CBDF19200062805 = {
			isa = PBXGroup;
			children = (
				D0F70B7F1CBDF19200062805 /* SwiftTest */,
				D0F70B7E1CBDF19200062805 /* Products */,
				5C23B7A11F7944774808348D /* Pods */,
				60ADDA777D81F7396F545F44 /* Frameworks */,
			);
			sourceTree = "<group>";
		};
		D0F70B7E1CBDF19200062805 /* Products */ = {
			isa = PBXGroup;
			children = (
				D0F70B7D1CBDF19200062805 /* SwiftTest.app */,
			);
			name = Products;
			sourceTree = "<group>";
		};
		D0F70B7F1CBDF19200062805 /* SwiftTest */ = {
			isa = PBXGroup;
			children = (
				D0F70B931CBDF38700062805 /* JxbFramework_swift */,
				D0F70B801CBDF19200062805 /* AppDelegate.swift */,
				D0F70B821CBDF19200062805 /* ViewController.swift */,
				D0F70B841CBDF19200062805 /* Main.storyboard */,
				D0F70B871CBDF19200062805 /* Assets.xcassets */,
				D0F70B891CBDF19200062805 /* LaunchScreen.storyboard */,
				D0F70B8C1CBDF19200062805 /* Info.plist */,
			);
			path = SwiftTest;
			sourceTree = "<group>";
		};
		D0F70B931CBDF38700062805 /* JxbFramework_swift */ = {
			isa = PBXGroup;
			children = (
				D0F70B941CBDF4CA00062805 /* Category */,
				D0F70B951CBDF4CA00062805 /* Http */,
				D0F70B961CBDF4CA00062805 /* UI */,
			);
			path = JxbFramework_swift;
			sourceTree = "<group>";
		};
		D0F70B941CBDF4CA00062805 /* Category */ = {
			isa = PBXGroup;
			children = (
			);
			path = Category;
			sourceTree = "<group>";
		};
		D0F70B951CBDF4CA00062805 /* Http */ = {
			isa = PBXGroup;
			children = (
				D0F70B971CBDFA5B00062805 /* XBHttpClient.swift */,
			);
			path = Http;
			sourceTree = "<group>";
		};
		D0F70B961CBDF4CA00062805 /* UI */ = {
			isa = PBXGroup;
			children = (
				D0B9813B1CBE31EE00A94A94 /* XBBaseTabVC.swift */,
				D0CD7DF01CE18559004E2CD7 /* XBBaseNavVC.swift */,
				D0CD7DEE1CE184C6004E2CD7 /* XBBaseVC.swift */,
			);
			path = UI;
			sourceTree = "<group>";
		};
/* End PBXGroup section */

/* Begin PBXNativeTarget section */
		D0F70B7C1CBDF19200062805 /* SwiftTest */ = {
			isa = PBXNativeTarget;
			buildConfigurationList = D0F70B8F1CBDF19200062805 /* Build configuration list for PBXNativeTarget "SwiftTest" */;
			buildPhases = (
				94522441F268D05545135001 /* Check Pods Manifest.lock */,
				D0F70B791CBDF19200062805 /* Sources */,
				D0F70B7A1CBDF19200062805 /* Frameworks */,
				D0F70B7B1CBDF19200062805 /* Resources */,
				8DC11F324BF1AEDA0431E1E6 /* Embed Pods Frameworks */,
				36E0BDA05836F8A2876888BC /* Copy Pods Resources */,
			);
			buildRules = (
			);
			dependencies = (
			);
			name = SwiftTest;
			productName = SwiftTest;
			productReference = D0F70B7D1CBDF19200062805 /* SwiftTest.app */;
			productType = "com.apple.product-type.application";
		};
/* End PBXNativeTarget section */

/* Begin PBXProject section */
		D0F70B751CBDF19200062805 /* Project object */ = {
			isa = PBXProject;
			attributes = {
				LastSwiftUpdateCheck = 0730;
				LastUpgradeCheck = 0730;
				ORGANIZATIONNAME = Peter;
				TargetAttributes = {
					D0F70B7C1CBDF19200062805 = {
						CreatedOnToolsVersion = 7.3;
					};
				};
			};
			buildConfigurationList = D0F70B781CBDF19200062805 /* Build configuration list for PBXProject "SwiftTest" */;
			compatibilityVersion = "Xcode 3.2";
			developmentRegion = English;
			hasScannedForEncodings = 0;
			knownRegions = (
				en,
				Base,
			);
			mainGroup = D0F70B741CBDF19200062805;
			productRefGroup = D0F70B7E1CBDF19200062805 /* Products */;
			projectDirPath = "";
			projectRoot = "";
			targets = (
				D0F70B7C1CBDF19200062805 /* SwiftTest */,
			);
		};
/* End PBXProject section */

/* Begin PBXResourcesBuildPhase section */
		D0F70B7B1CBDF19200062805 /* Resources */ = {
			isa = PBXResourcesBuildPhase;
			buildActionMask = 2147483647;
			files = (
				D0F70B8B1CBDF19200062805 /* LaunchScreen.storyboard in Resources */,
				D0F70B881CBDF19200062805 /* Assets.xcassets in Resources */,
				D0F70B861CBDF19200062805 /* Main.storyboard in Resources */,
			);
			runOnlyForDeploymentPostprocessing = 0;
		};
/* End PBXResourcesBuildPhase section */

/* Begin PBXShellScriptBuildPhase section */
		36E0BDA05836F8A2876888BC /* Copy Pods Resources */ = {
			isa = PBXShellScriptBuildPhase;
			buildActionMask = 2147483647;
			files = (
			);
			inputPaths = (
			);
			name = "Copy Pods Resources";
			outputPaths = (
			);
			runOnlyForDeploymentPostprocessing = 0;
			shellPath = /bin/sh;
			shellScript = "\"${SRCROOT}/Pods/Target Support Files/Pods/Pods-resources.sh\"\n";
			showEnvVarsInLog = 0;
		};
		8DC11F324BF1AEDA0431E1E6 /* Embed Pods Frameworks */ = {
			isa = PBXShellScriptBuildPhase;
			buildActionMask = 2147483647;
			files = (
			);
			inputPaths = (
			);
			name = "Embed Pods Frameworks";
			outputPaths = (
			);
			runOnlyForDeploymentPostprocessing = 0;
			shellPath = /bin/sh;
			shellScript = "\"${SRCROOT}/Pods/Target Support Files/Pods/Pods-frameworks.sh\"\n";
			showEnvVarsInLog = 0;
		};
		94522441F268D05545135001 /* Check Pods Manifest.lock */ = {
			isa = PBXShellScriptBuildPhase;
			buildActionMask = 2147483647;
			files = (
			);
			inputPaths = (
			);
			name = "Check Pods Manifest.lock";
			outputPaths = (
			);
			runOnlyForDeploymentPostprocessing = 0;
			shellPath = /bin/sh;
			shellScript = "diff \"${PODS_ROOT}/../Podfile.lock\" \"${PODS_ROOT}/Manifest.lock\" > /dev/null\nif [[ $? != 0 ]] ; then\n    cat << EOM\nerror: The sandbox is not in sync with the Podfile.lock. Run 'pod install' or update your CocoaPods installation.\nEOM\n    exit 1\nfi\n";
			showEnvVarsInLog = 0;
		};
/* End PBXShellScriptBuildPhase section */

/* Begin PBXSourcesBuildPhase section */
		D0F70B791CBDF19200062805 /* Sources */ = {
			isa = PBXSourcesBuildPhase;
			buildActionMask = 2147483647;
			files = (
				D0CD7DEF1CE184C6004E2CD7 /* XBBaseVC.swift in Sources */,
				D0CD7DF11CE18559004E2CD7 /* XBBaseNavVC.swift in Sources */,
				D0F70B831CBDF19200062805 /* ViewController.swift in Sources */,
				D0B9813C1CBE31EE00A94A94 /* XBBaseTabVC.swift in Sources */,
				D0F70B981CBDFA5B00062805 /* XBHttpClient.swift in Sources */,
				D0F70B811CBDF19200062805 /* AppDelegate.swift in Sources */,
			);
			runOnlyForDeploymentPostprocessing = 0;
		};
/* End PBXSourcesBuildPhase section */

/* Begin PBXVariantGroup section */
		D0F70B841CBDF19200062805 /* Main.storyboard */ = {
			isa = PBXVariantGroup;
			children = (
				D0F70B851CBDF19200062805 /* Base */,
			);
			name = Main.storyboard;
			sourceTree = "<group>";
		};
		D0F70B891CBDF19200062805 /* LaunchScreen.storyboard */ = {
			isa = PBXVariantGroup;
			children = (
				D0F70B8A1CBDF19200062805 /* Base */,
			);
			name = LaunchScreen.storyboard;
			sourceTree = "<group>";
		};
/* End PBXVariantGroup section */

/* Begin XCBuildConfiguration section */
		D0F70B8D1CBDF19200062805 /* Debug */ = {
			isa = XCBuildConfiguration;
			buildSettings = {
				ALWAYS_SEARCH_USER_PATHS = NO;
				CLANG_ANALYZER_NONNULL = YES;
				CLANG_CXX_LANGUAGE_STANDARD = "gnu++0x";
				CLANG_CXX_LIBRARY = "libc++";
				CLANG_ENABLE_MODULES = YES;
				CLANG_ENABLE_OBJC_ARC = YES;
				CLANG_WARN_BOOL_CONVERSION = YES;
				CLANG_WARN_CONSTANT_CONVERSION = YES;
				CLANG_WARN_DIRECT_OBJC_ISA_USAGE = YES_ERROR;
				CLANG_WARN_EMPTY_BODY = YES;
				CLANG_WARN_ENUM_CONVERSION = YES;
				CLANG_WARN_INT_CONVERSION = YES;
				CLANG_WARN_OBJC_ROOT_CLASS = YES_ERROR;
				CLANG_WARN_UNREACHABLE_CODE = YES;
				CLANG_WARN__DUPLICATE_METHOD_MATCH = YES;
				"CODE_SIGN_IDENTITY[sdk=iphoneos*]" = "iPhone Developer";
				COPY_PHASE_STRIP = NO;
				DEBUG_INFORMATION_FORMAT = dwarf;
				ENABLE_STRICT_OBJC_MSGSEND = YES;
				ENABLE_TESTABILITY = YES;
				GCC_C_LANGUAGE_STANDARD = gnu99;
				GCC_DYNAMIC_NO_PIC = NO;
				GCC_NO_COMMON_BLOCKS = YES;
				GCC_OPTIMIZATION_LEVEL = 0;
				GCC_PREPROCESSOR_DEFINITIONS = (
					"DEBUG=1",
					"$(inherited)",
				);
				GCC_WARN_64_TO_32_BIT_CONVERSION = YES;
				GCC_WARN_ABOUT_RETURN_TYPE = YES_ERROR;
				GCC_WARN_UNDECLARED_SELECTOR = YES;
				GCC_WARN_UNINITIALIZED_AUTOS = YES_AGGRESSIVE;
				GCC_WARN_UNUSED_FUNCTION = YES;
				GCC_WARN_UNUSED_VARIABLE = YES;
				IPHONEOS_DEPLOYMENT_TARGET = 9.3;
				MTL_ENABLE_DEBUG_INFO = YES;
				ONLY_ACTIVE_ARCH = YES;
				SDKROOT = iphoneos;
				SWIFT_OPTIMIZATION_LEVEL = "-Onone";
			};
			name = Debug;
		};
		D0F70B8E1CBDF19200062805 /* Release */ = {
			isa = XCBuildConfiguration;
			buildSettings = {
				ALWAYS_SEARCH_USER_PATHS = NO;
				CLANG_ANALYZER_NONNULL = YES;
				CLANG_CXX_LANGUAGE_STANDARD = "gnu++0x";
				CLANG_CXX_LIBRARY = "libc++";
				CLANG_ENABLE_MODULES = YES;
				CLANG_ENABLE_OBJC_ARC = YES;
				CLANG_WARN_BOOL_CONVERSION = YES;
				CLANG_WARN_CONSTANT_CONVERSION = YES;
				CLANG_WARN_DIRECT_OBJC_ISA_USAGE = YES_ERROR;
				CLANG_WARN_EMPTY_BODY = YES;
				CLANG_WARN_ENUM_CONVERSION = YES;
				CLANG_WARN_INT_CONVERSION = YES;
				CLANG_WARN_OBJC_ROOT_CLASS = YES_ERROR;
				CLANG_WARN_UNREACHABLE_CODE = YES;
				CLANG_WARN__DUPLICATE_METHOD_MATCH = YES;
				"CODE_SIGN_IDENTITY[sdk=iphoneos*]" = "iPhone Developer";
				COPY_PHASE_STRIP = NO;
				DEBUG_INFORMATION_FORMAT = "dwarf-with-dsym";
				ENABLE_NS_ASSERTIONS = NO;
				ENABLE_STRICT_OBJC_MSGSEND = YES;
				GCC_C_LANGUAGE_STANDARD = gnu99;
				GCC_NO_COMMON_BLOCKS = YES;
				GCC_WARN_64_TO_32_BIT_CONVERSION = YES;
				GCC_WARN_ABOUT_RETURN_TYPE = YES_ERROR;
				GCC_WARN_UNDECLARED_SELECTOR = YES;
				GCC_WARN_UNINITIALIZED_AUTOS = YES_AGGRESSIVE;
				GCC_WARN_UNUSED_FUNCTION = YES;
				GCC_WARN_UNUSED_VARIABLE = YES;
				IPHONEOS_DEPLOYMENT_TARGET = 9.3;
				MTL_ENABLE_DEBUG_INFO = NO;
				SDKROOT = iphoneos;
				VALIDATE_PRODUCT = YES;
			};
			name = Release;
		};
		D0F70B901CBDF19200062805 /* Debug */ = {
			isa = XCBuildConfiguration;
			baseConfigurationReference = 99D7A9EC528BBBABC57F9068 /* Pods.debug.xcconfig */;
			buildSettings = {
				ASSETCATALOG_COMPILER_APPICON_NAME = AppIcon;
				INFOPLIST_FILE = SwiftTest/Info.plist;
				LD_RUNPATH_SEARCH_PATHS = "$(inherited) @executable_path/Frameworks";
				PRODUCT_BUNDLE_IDENTIFIER = name.Jxb.SwiftTest;
				PRODUCT_NAME = "$(TARGET_NAME)";
			};
			name = Debug;
		};
		D0F70B911CBDF19200062805 /* Release */ = {
			isa = XCBuildConfiguration;
			baseConfigurationReference = 8E1171455A101F6F6E8988F7 /* Pods.release.xcconfig */;
			buildSettings = {
				ASSETCATALOG_COMPILER_APPICON_NAME = AppIcon;
				INFOPLIST_FILE = SwiftTest/Info.plist;
				LD_RUNPATH_SEARCH_PATHS = "$(inherited) @executable_path/Frameworks";
				PRODUCT_BUNDLE_IDENTIFIER = name.Jxb.SwiftTest;
				PRODUCT_NAME = "$(TARGET_NAME)";
			};
			name = Release;
		};
/* End XCBuildConfiguration section */

/* Begin XCConfigurationList section */
		D0F70B781CBDF19200062805 /* Build configuration list for PBXProject "SwiftTest" */ = {
			isa = XCConfigurationList;
			buildConfigurations = (
				D0F70B8D1CBDF19200062805 /* Debug */,
				D0F70B8E1CBDF19200062805 /* Release */,
			);
			defaultConfigurationIsVisible = 0;
			defaultConfigurationName = Release;
		};
		D0F70B8F1CBDF19200062805 /* Build configuration list for PBXNativeTarget "SwiftTest" */ = {
			isa = XCConfigurationList;
			buildConfigurations = (
				D0F70B901CBDF19200062805 /* Debug */,
				D0F70B911CBDF19200062805 /* Release */,
			);
			defaultConfigurationIsVisible = 0;
			defaultConfigurationName = Release;
		};
/* End XCConfigurationList section */
	};
	rootObject = D0F70B751CBDF19200062805 /* Project object */;
}
